
Microsoft Visual Studio Solution File, Format Version 12.00
# Visual Studio Version 17
VisualStudioVersion = 17.2.32616.157
MinimumVisualStudioVersion = 10.0.40219.1
Project("{FAE04EC0-301F-11D3-BF4B-00C04F79EFBC}") = "PracticeLinq", "PracticeLinq\PracticeLinq.csproj", "{42F6DE84-CC75-4695-B90C-4CA58AFD9626}"
EndProject
Global
	GlobalSection(SolutionConfigurationPlatforms) = preSolution
		Debug|Any CPU = Debug|Any CPU
		Release|Any CPU = Release|Any CPU
	EndGlobalSection
	GlobalSection(ProjectConfigurationPlatforms) = postSolution
		{42F6DE84-CC75-4695-B90C-4CA58AFD9626}.Debug|Any CPU.ActiveCfg = Debug|Any CPU
		{42F6DE84-CC75-4695-B90C-4CA58AFD9626}.Debug|Any CPU.Build.0 = Debug|Any CPU
		{42F6DE84-CC75-4695-B90C-4CA58AFD9626}.Release|Any CPU.ActiveCfg = Release|Any CPU
		{42F6DE84-CC75-4695-B90C-4CA58AFD9626}.Release|Any CPU.Build.0 = Release|Any CPU
	EndGlobalSection
	GlobalSection(SolutionProperties) = preSolution
		HideSolutionNode = FALSE
	EndGlobalSection
	GlobalSection(ExtensibilityGlobals) = postSolution
		SolutionGuid = {3B9E75F8-E345-496F-AA72-53E6B11FF899}
	EndGlobalSection
EndGlobal
